
Microsoft Visual Studio Solution File, Format Version 10.00
# Visual Studio 2008
Project("{2150E333-8FDC-42A3-9474-1A3956D46DE8}") = "framework", "framework", "{20911BDB-1AE3-42D4-91BB-EBD92FCE815D}"
EndProject
Project("{2150E333-8FDC-42A3-9474-1A3956D46DE8}") = "component", "component", "{DF296A22-65F1-4AE7-8168-D4B97B8B5533}"
EndProject
Project("{2150E333-8FDC-42A3-9474-1A3956D46DE8}") = "core", "core", "{15C2780D-79E7-4FB9-9AC6-959152561DEF}"
EndProject
Project("{2150E333-8FDC-42A3-9474-1A3956D46DE8}") = "3rdpart", "3rdpart", "{6EB75FF3-1F4E-422B-AA2E-88E072467F97}"
EndProject
Project("{2150E333-8FDC-42A3-9474-1A3956D46DE8}") = "BCGCBPro", "BCGCBPro", "{D84B522E-FE25-4B53-85BA-EFECC8B09451}"
EndProject
Project("{8BC9CEB8-8B4A-11D0-8D11-00A0C91BC942}") = "BCGCBPro90", "source\3rdpart\BCGCBPro\BCGCBPro90.vcproj", "{9DF443FB-9EC0-4511-9262-D9AE2C74F5DD}"
EndProject
Project("{2150E333-8FDC-42A3-9474-1A3956D46DE8}") = "Styles", "Styles", "{C28D395E-E612-4856-B7D9-C4E9F39E4EB2}"
EndProject
Project("{8BC9CEB8-8B4A-11D0-8D11-00A0C91BC942}") = "Office 2010 (blue)", "source\3rdpart\BCGCBPro\Styles\BCGPStyle2010Blue.vcproj", "{57679FE6-046B-423E-8D1D-069EBD5418FC}"
EndProject
Project("{8BC9CEB8-8B4A-11D0-8D11-00A0C91BC942}") = "Office 2010 (black)", "source\3rdpart\BCGCBPro\Styles\BCGPStyle2010Black.vcproj", "{EB1E44C2-ACC8-424C-B047-74819AF00379}"
EndProject
Project("{8BC9CEB8-8B4A-11D0-8D11-00A0C91BC942}") = "Office 2010 (white)", "source\3rdpart\BCGCBPro\Styles\BCGPStyle2010White.vcproj", "{6EFF069D-36F1-4BFB-92A0-CD22B89F69D9}"
EndProject
Project("{8BC9CEB8-8B4A-11D0-8D11-00A0C91BC942}") = "Office 2007 (aqua)", "source\3rdpart\BCGCBPro\Styles\BCGPStyle2007Aqua.vcproj", "{1B3FB875-6A3F-47B3-BBE1-FB52391F385E}"
EndProject
Project("{8BC9CEB8-8B4A-11D0-8D11-00A0C91BC942}") = "Office 2007 (luna)", "source\3rdpart\BCGCBPro\Styles\BCGPStyle2007Luna.vcproj", "{68002F72-2A6E-496C-BB3A-BAB58FA6B79F}"
EndProject
Project("{8BC9CEB8-8B4A-11D0-8D11-00A0C91BC942}") = "Office 2007 (silver)", "source\3rdpart\BCGCBPro\Styles\BCGPStyle2007Silver.vcproj", "{508DCF58-5385-4451-A9A7-61CD04CD539E}"
EndProject
Project("{8BC9CEB8-8B4A-11D0-8D11-00A0C91BC942}") = "com_demo4", "source\component\com_demo4\com_demo490.vcproj", "{4778445E-D05F-42E3-ADC1-C3A31B51FCCE}"
EndProject
Project("{8BC9CEB8-8B4A-11D0-8D11-00A0C91BC942}") = "com_demo5", "source\component\com_demo5\com_demo590.vcproj", "{09FF3D20-4C8B-4C3F-A144-5BD86BDFE33C}"
EndProject
Project("{2150E333-8FDC-42A3-9474-1A3956D46DE8}") = "config", "config", "{3F1236E0-7296-48AF-9A90-A2B32C5DBB88}"
EndProject
Project("{2150E333-8FDC-42A3-9474-1A3956D46DE8}") = "frame", "frame", "{045224D7-C10E-430F-88BB-DDD528782339}"
	ProjectSection(SolutionItems) = preProject
		config\frame\jframe_global.xml = config\frame\jframe_global.xml
	EndProjectSection
EndProject
Project("{2150E333-8FDC-42A3-9474-1A3956D46DE8}") = "WorkMode_Test1", "WorkMode_Test1", "{73735959-FCC9-44C3-93AC-4E373BB7E113}"
	ProjectSection(SolutionItems) = preProject
		config\WorkMode_Test1\jframe_component.xml = config\WorkMode_Test1\jframe_component.xml
	EndProjectSection
EndProject
Project("{8BC9CEB8-8B4A-11D0-8D11-00A0C91BC942}") = "application", "source\framework\application\Application90.vcproj", "{4A64A51D-F4F0-44DB-90F9-53077390D1E7}"
EndProject
Global
	GlobalSection(SolutionConfigurationPlatforms) = preSolution
		Debug|Win32 = Debug|Win32
		Release|Win32 = Release|Win32
		Unicode Debug|Win32 = Unicode Debug|Win32
		Unicode Release|Win32 = Unicode Release|Win32
	EndGlobalSection
	GlobalSection(ProjectConfigurationPlatforms) = postSolution
		{9DF443FB-9EC0-4511-9262-D9AE2C74F5DD}.Debug|Win32.ActiveCfg = Debug|Win32
		{9DF443FB-9EC0-4511-9262-D9AE2C74F5DD}.Debug|Win32.Build.0 = Debug|Win32
		{9DF443FB-9EC0-4511-9262-D9AE2C74F5DD}.Release|Win32.ActiveCfg = Release|Win32
		{9DF443FB-9EC0-4511-9262-D9AE2C74F5DD}.Release|Win32.Build.0 = Release|Win32
		{9DF443FB-9EC0-4511-9262-D9AE2C74F5DD}.Unicode Debug|Win32.ActiveCfg = Unicode Debug|Win32
		{9DF443FB-9EC0-4511-9262-D9AE2C74F5DD}.Unicode Debug|Win32.Build.0 = Unicode Debug|Win32
		{9DF443FB-9EC0-4511-9262-D9AE2C74F5DD}.Unicode Release|Win32.ActiveCfg = Unicode Release|Win32
		{9DF443FB-9EC0-4511-9262-D9AE2C74F5DD}.Unicode Release|Win32.Build.0 = Unicode Release|Win32
		{57679FE6-046B-423E-8D1D-069EBD5418FC}.Debug|Win32.ActiveCfg = Debug|Win32
		{57679FE6-046B-423E-8D1D-069EBD5418FC}.Debug|Win32.Build.0 = Debug|Win32
		{57679FE6-046B-423E-8D1D-069EBD5418FC}.Release|Win32.ActiveCfg = Release|Win32
		{57679FE6-046B-423E-8D1D-069EBD5418FC}.Release|Win32.Build.0 = Release|Win32
		{57679FE6-046B-423E-8D1D-069EBD5418FC}.Unicode Debug|Win32.ActiveCfg = Debug|Win32
		{57679FE6-046B-423E-8D1D-069EBD5418FC}.Unicode Debug|Win32.Build.0 = Debug|Win32
		{57679FE6-046B-423E-8D1D-069EBD5418FC}.Unicode Release|Win32.ActiveCfg = Release|Win32
		{57679FE6-046B-423E-8D1D-069EBD5418FC}.Unicode Release|Win32.Build.0 = Release|Win32
		{EB1E44C2-ACC8-424C-B047-74819AF00379}.Debug|Win32.ActiveCfg = Debug|Win32
		{EB1E44C2-ACC8-424C-B047-74819AF00379}.Debug|Win32.Build.0 = Debug|Win32
		{EB1E44C2-ACC8-424C-B047-74819AF00379}.Release|Win32.ActiveCfg = Release|Win32
		{EB1E44C2-ACC8-424C-B047-74819AF00379}.Release|Win32.Build.0 = Release|Win32
		{EB1E44C2-ACC8-424C-B047-74819AF00379}.Unicode Debug|Win32.ActiveCfg = Debug|Win32
		{EB1E44C2-ACC8-424C-B047-74819AF00379}.Unicode Debug|Win32.Build.0 = Debug|Win32
		{EB1E44C2-ACC8-424C-B047-74819AF00379}.Unicode Release|Win32.ActiveCfg = Release|Win32
		{EB1E44C2-ACC8-424C-B047-74819AF00379}.Unicode Release|Win32.Build.0 = Release|Win32
		{6EFF069D-36F1-4BFB-92A0-CD22B89F69D9}.Debug|Win32.ActiveCfg = Debug|Win32
		{6EFF069D-36F1-4BFB-92A0-CD22B89F69D9}.Debug|Win32.Build.0 = Debug|Win32
		{6EFF069D-36F1-4BFB-92A0-CD22B89F69D9}.Release|Win32.ActiveCfg = Release|Win32
		{6EFF069D-36F1-4BFB-92A0-CD22B89F69D9}.Release|Win32.Build.0 = Release|Win32
		{6EFF069D-36F1-4BFB-92A0-CD22B89F69D9}.Unicode Debug|Win32.ActiveCfg = Debug|Win32
		{6EFF069D-36F1-4BFB-92A0-CD22B89F69D9}.Unicode Debug|Win32.Build.0 = Debug|Win32
		{6EFF069D-36F1-4BFB-92A0-CD22B89F69D9}.Unicode Release|Win32.ActiveCfg = Release|Win32
		{6EFF069D-36F1-4BFB-92A0-CD22B89F69D9}.Unicode Release|Win32.Build.0 = Release|Win32
		{1B3FB875-6A3F-47B3-BBE1-FB52391F385E}.Debug|Win32.ActiveCfg = Debug|Win32
		{1B3FB875-6A3F-47B3-BBE1-FB52391F385E}.Debug|Win32.Build.0 = Debug|Win32
		{1B3FB875-6A3F-47B3-BBE1-FB52391F385E}.Release|Win32.ActiveCfg = Release|Win32
		{1B3FB875-6A3F-47B3-BBE1-FB52391F385E}.Release|Win32.Build.0 = Release|Win32
		{1B3FB875-6A3F-47B3-BBE1-FB52391F385E}.Unicode Debug|Win32.ActiveCfg = Debug|Win32
		{1B3FB875-6A3F-47B3-BBE1-FB52391F385E}.Unicode Debug|Win32.Build.0 = Debug|Win32
		{1B3FB875-6A3F-47B3-BBE1-FB52391F385E}.Unicode Release|Win32.ActiveCfg = Release|Win32
		{1B3FB875-6A3F-47B3-BBE1-FB52391F385E}.Unicode Release|Win32.Build.0 = Release|Win32
		{68002F72-2A6E-496C-BB3A-BAB58FA6B79F}.Debug|Win32.ActiveCfg = Debug|Win32
		{68002F72-2A6E-496C-BB3A-BAB58FA6B79F}.Debug|Win32.Build.0 = Debug|Win32
		{68002F72-2A6E-496C-BB3A-BAB58FA6B79F}.Release|Win32.ActiveCfg = Release|Win32
		{68002F72-2A6E-496C-BB3A-BAB58FA6B79F}.Release|Win32.Build.0 = Release|Win32
		{68002F72-2A6E-496C-BB3A-BAB58FA6B79F}.Unicode Debug|Win32.ActiveCfg = Debug|Win32
		{68002F72-2A6E-496C-BB3A-BAB58FA6B79F}.Unicode Debug|Win32.Build.0 = Debug|Win32
		{68002F72-2A6E-496C-BB3A-BAB58FA6B79F}.Unicode Release|Win32.ActiveCfg = Release|Win32
		{68002F72-2A6E-496C-BB3A-BAB58FA6B79F}.Unicode Release|Win32.Build.0 = Release|Win32
		{508DCF58-5385-4451-A9A7-61CD04CD539E}.Debug|Win32.ActiveCfg = Debug|Win32
		{508DCF58-5385-4451-A9A7-61CD04CD539E}.Debug|Win32.Build.0 = Debug|Win32
		{508DCF58-5385-4451-A9A7-61CD04CD539E}.Release|Win32.ActiveCfg = Release|Win32
		{508DCF58-5385-4451-A9A7-61CD04CD539E}.Release|Win32.Build.0 = Release|Win32
		{508DCF58-5385-4451-A9A7-61CD04CD539E}.Unicode Debug|Win32.ActiveCfg = Debug|Win32
		{508DCF58-5385-4451-A9A7-61CD04CD539E}.Unicode Debug|Win32.Build.0 = Debug|Win32
		{508DCF58-5385-4451-A9A7-61CD04CD539E}.Unicode Release|Win32.ActiveCfg = Release|Win32
		{508DCF58-5385-4451-A9A7-61CD04CD539E}.Unicode Release|Win32.Build.0 = Release|Win32
		{4778445E-D05F-42E3-ADC1-C3A31B51FCCE}.Debug|Win32.ActiveCfg = Debug|Win32
		{4778445E-D05F-42E3-ADC1-C3A31B51FCCE}.Debug|Win32.Build.0 = Debug|Win32
		{4778445E-D05F-42E3-ADC1-C3A31B51FCCE}.Release|Win32.ActiveCfg = Release|Win32
		{4778445E-D05F-42E3-ADC1-C3A31B51FCCE}.Release|Win32.Build.0 = Release|Win32
		{4778445E-D05F-42E3-ADC1-C3A31B51FCCE}.Unicode Debug|Win32.ActiveCfg = Debug|Win32
		{4778445E-D05F-42E3-ADC1-C3A31B51FCCE}.Unicode Debug|Win32.Build.0 = Debug|Win32
		{4778445E-D05F-42E3-ADC1-C3A31B51FCCE}.Unicode Release|Win32.ActiveCfg = Release|Win32
		{4778445E-D05F-42E3-ADC1-C3A31B51FCCE}.Unicode Release|Win32.Build.0 = Release|Win32
		{09FF3D20-4C8B-4C3F-A144-5BD86BDFE33C}.Debug|Win32.ActiveCfg = Debug|Win32
		{09FF3D20-4C8B-4C3F-A144-5BD86BDFE33C}.Debug|Win32.Build.0 = Debug|Win32
		{09FF3D20-4C8B-4C3F-A144-5BD86BDFE33C}.Release|Win32.ActiveCfg = Release|Win32
		{09FF3D20-4C8B-4C3F-A144-5BD86BDFE33C}.Release|Win32.Build.0 = Release|Win32
		{09FF3D20-4C8B-4C3F-A144-5BD86BDFE33C}.Unicode Debug|Win32.ActiveCfg = Debug|Win32
		{09FF3D20-4C8B-4C3F-A144-5BD86BDFE33C}.Unicode Debug|Win32.Build.0 = Debug|Win32
		{09FF3D20-4C8B-4C3F-A144-5BD86BDFE33C}.Unicode Release|Win32.ActiveCfg = Release|Win32
		{09FF3D20-4C8B-4C3F-A144-5BD86BDFE33C}.Unicode Release|Win32.Build.0 = Release|Win32
		{4A64A51D-F4F0-44DB-90F9-53077390D1E7}.Debug|Win32.ActiveCfg = Debug|Win32
		{4A64A51D-F4F0-44DB-90F9-53077390D1E7}.Debug|Win32.Build.0 = Debug|Win32
		{4A64A51D-F4F0-44DB-90F9-53077390D1E7}.Release|Win32.ActiveCfg = Release|Win32
		{4A64A51D-F4F0-44DB-90F9-53077390D1E7}.Release|Win32.Build.0 = Release|Win32
		{4A64A51D-F4F0-44DB-90F9-53077390D1E7}.Unicode Debug|Win32.ActiveCfg = Debug|Win32
		{4A64A51D-F4F0-44DB-90F9-53077390D1E7}.Unicode Debug|Win32.Build.0 = Debug|Win32
		{4A64A51D-F4F0-44DB-90F9-53077390D1E7}.Unicode Release|Win32.ActiveCfg = Release|Win32
		{4A64A51D-F4F0-44DB-90F9-53077390D1E7}.Unicode Release|Win32.Build.0 = Release|Win32
	EndGlobalSection
	GlobalSection(SolutionProperties) = preSolution
		HideSolutionNode = FALSE
	EndGlobalSection
	GlobalSection(NestedProjects) = preSolution
		{4A64A51D-F4F0-44DB-90F9-53077390D1E7} = {20911BDB-1AE3-42D4-91BB-EBD92FCE815D}
		{4778445E-D05F-42E3-ADC1-C3A31B51FCCE} = {DF296A22-65F1-4AE7-8168-D4B97B8B5533}
		{09FF3D20-4C8B-4C3F-A144-5BD86BDFE33C} = {DF296A22-65F1-4AE7-8168-D4B97B8B5533}
		{D84B522E-FE25-4B53-85BA-EFECC8B09451} = {6EB75FF3-1F4E-422B-AA2E-88E072467F97}
		{9DF443FB-9EC0-4511-9262-D9AE2C74F5DD} = {D84B522E-FE25-4B53-85BA-EFECC8B09451}
		{C28D395E-E612-4856-B7D9-C4E9F39E4EB2} = {D84B522E-FE25-4B53-85BA-EFECC8B09451}
		{57679FE6-046B-423E-8D1D-069EBD5418FC} = {C28D395E-E612-4856-B7D9-C4E9F39E4EB2}
		{EB1E44C2-ACC8-424C-B047-74819AF00379} = {C28D395E-E612-4856-B7D9-C4E9F39E4EB2}
		{6EFF069D-36F1-4BFB-92A0-CD22B89F69D9} = {C28D395E-E612-4856-B7D9-C4E9F39E4EB2}
		{1B3FB875-6A3F-47B3-BBE1-FB52391F385E} = {C28D395E-E612-4856-B7D9-C4E9F39E4EB2}
		{68002F72-2A6E-496C-BB3A-BAB58FA6B79F} = {C28D395E-E612-4856-B7D9-C4E9F39E4EB2}
		{508DCF58-5385-4451-A9A7-61CD04CD539E} = {C28D395E-E612-4856-B7D9-C4E9F39E4EB2}
		{045224D7-C10E-430F-88BB-DDD528782339} = {3F1236E0-7296-48AF-9A90-A2B32C5DBB88}
		{73735959-FCC9-44C3-93AC-4E373BB7E113} = {3F1236E0-7296-48AF-9A90-A2B32C5DBB88}
	EndGlobalSection
EndGlobal
